
Microsoft Visual Studio Solution File, Format Version 12.00
# Visual Studio 15
VisualStudioVersion = 15.0.26510.0
MinimumVisualStudioVersion = 10.0.40219.1
Project("{9A19103F-16F7-4668-BE54-9A1E7A4F7556}") = "HashtagAggregatorTwitter.Service", "HashtagAggregatorTwitter.Service\HashtagAggregatorTwitter.Service.csproj", "{0E621FE4-6A4C-4453-BA6C-DF5EE3D168C2}"
EndProject
Project("{9A19103F-16F7-4668-BE54-9A1E7A4F7556}") = "HashtagAggregatorTwitter.Contracts", "HashtagAggregatorTwitter.Contracts\HashtagAggregatorTwitter.Contracts.csproj", "{C2F4629F-C190-4B93-9FBD-70AA5AC02A59}"
EndProject
Global
	GlobalSection(SolutionConfigurationPlatforms) = preSolution
		Debug|Any CPU = Debug|Any CPU
		Release|Any CPU = Release|Any CPU
	EndGlobalSection
	GlobalSection(ProjectConfigurationPlatforms) = postSolution
		{0E621FE4-6A4C-4453-BA6C-DF5EE3D168C2}.Debug|Any CPU.ActiveCfg = Debug|Any CPU
		{0E621FE4-6A4C-4453-BA6C-DF5EE3D168C2}.Debug|Any CPU.Build.0 = Debug|Any CPU
		{0E621FE4-6A4C-4453-BA6C-DF5EE3D168C2}.Release|Any CPU.ActiveCfg = Release|Any CPU
		{0E621FE4-6A4C-4453-BA6C-DF5EE3D168C2}.Release|Any CPU.Build.0 = Release|Any CPU
		{C2F4629F-C190-4B93-9FBD-70AA5AC02A59}.Debug|Any CPU.ActiveCfg = Debug|Any CPU
		{C2F4629F-C190-4B93-9FBD-70AA5AC02A59}.Debug|Any CPU.Build.0 = Debug|Any CPU
		{C2F4629F-C190-4B93-9FBD-70AA5AC02A59}.Release|Any CPU.ActiveCfg = Release|Any CPU
		{C2F4629F-C190-4B93-9FBD-70AA5AC02A59}.Release|Any CPU.Build.0 = Release|Any CPU
	EndGlobalSection
	GlobalSection(SolutionProperties) = preSolution
		HideSolutionNode = FALSE
	EndGlobalSection
EndGlobal
